
Microsoft Visual Studio Solution File, Format Version 12.00
# Visual Studio Version 17
VisualStudioVersion = 17.12.35707.178 d17.12
MinimumVisualStudioVersion = 10.0.40219.1
Project("{FAE04EC0-301F-11D3-BF4B-00C04F79EFBC}") = "Lab2", "Lab2.csproj", "{7DBCA7D4-EDE7-4BF7-9828-8EB9FC528425}"
EndProject
Global
	GlobalSection(SolutionConfigurationPlatforms) = preSolution
		Debug|Any CPU = Debug|Any CPU
		Release|Any CPU = Release|Any CPU
	EndGlobalSection
	GlobalSection(ProjectConfigurationPlatforms) = postSolution
		{7DBCA7D4-EDE7-4BF7-9828-8EB9FC528425}.Debug|Any CPU.ActiveCfg = Debug|Any CPU
		{7DBCA7D4-EDE7-4BF7-9828-8EB9FC528425}.Debug|Any CPU.Build.0 = Debug|Any CPU
		{7DBCA7D4-EDE7-4BF7-9828-8EB9FC528425}.Release|Any CPU.ActiveCfg = Release|Any CPU
		{7DBCA7D4-EDE7-4BF7-9828-8EB9FC528425}.Release|Any CPU.Build.0 = Release|Any CPU
	EndGlobalSection
	GlobalSection(SolutionProperties) = preSolution
		HideSolutionNode = FALSE
	EndGlobalSection
EndGlobal
