
Microsoft Visual Studio Solution File, Format Version 12.00
# Visual Studio Version 17
VisualStudioVersion = 17.12.35707.178 d17.12
MinimumVisualStudioVersion = 10.0.40219.1
Project("{FAE04EC0-301F-11D3-BF4B-00C04F79EFBC}") = "BankingAccountApp", "BankingAccountApp.csproj", "{C52205D6-553C-491C-A53A-931D3E5ED1A0}"
EndProject
Project("{FAE04EC0-301F-11D3-BF4B-00C04F79EFBC}") = "BankingAppForm", "..\BankingAppForm\BankingAppForm.csproj", "{18FE18FE-5EA4-4D26-89DA-15D83F23FFE4}"
EndProject
Global
	GlobalSection(SolutionConfigurationPlatforms) = preSolution
		Debug|Any CPU = Debug|Any CPU
		Release|Any CPU = Release|Any CPU
	EndGlobalSection
	GlobalSection(ProjectConfigurationPlatforms) = postSolution
		{C52205D6-553C-491C-A53A-931D3E5ED1A0}.Debug|Any CPU.ActiveCfg = Debug|Any CPU
		{C52205D6-553C-491C-A53A-931D3E5ED1A0}.Debug|Any CPU.Build.0 = Debug|Any CPU
		{C52205D6-553C-491C-A53A-931D3E5ED1A0}.Release|Any CPU.ActiveCfg = Release|Any CPU
		{C52205D6-553C-491C-A53A-931D3E5ED1A0}.Release|Any CPU.Build.0 = Release|Any CPU
		{18FE18FE-5EA4-4D26-89DA-15D83F23FFE4}.Debug|Any CPU.ActiveCfg = Debug|Any CPU
		{18FE18FE-5EA4-4D26-89DA-15D83F23FFE4}.Debug|Any CPU.Build.0 = Debug|Any CPU
		{18FE18FE-5EA4-4D26-89DA-15D83F23FFE4}.Release|Any CPU.ActiveCfg = Release|Any CPU
		{18FE18FE-5EA4-4D26-89DA-15D83F23FFE4}.Release|Any CPU.Build.0 = Release|Any CPU
	EndGlobalSection
	GlobalSection(SolutionProperties) = preSolution
		HideSolutionNode = FALSE
	EndGlobalSection
EndGlobal
